
Microsoft Visual Studio Solution File, Format Version 12.00
# Visual Studio Version 17
VisualStudioVersion = 17.0.31903.59
MinimumVisualStudioVersion = 10.0.40219.1
Project("{FAE04EC0-301F-11D3-BF4B-00C04F79EFBC}") = "api", "api\api.csproj", "{3FF937C8-B74C-49D9-B18B-B7CC145C4BFB}"
EndProject
Project("{FAE04EC0-301F-11D3-BF4B-00C04F79EFBC}") = "infrastructure", "infrastructure\infrastructure.csproj", "{D8B4EE9F-CFC8-4124-85F7-EFE687D2F407}"
EndProject
Project("{FAE04EC0-301F-11D3-BF4B-00C04F79EFBC}") = "service", "service\service.csproj", "{D10C9CF4-E4A7-4C2D-AD26-F6B4144AFA7F}"
EndProject
Global
	GlobalSection(SolutionConfigurationPlatforms) = preSolution
		Debug|Any CPU = Debug|Any CPU
		Release|Any CPU = Release|Any CPU
	EndGlobalSection
	GlobalSection(SolutionProperties) = preSolution
		HideSolutionNode = FALSE
	EndGlobalSection
	GlobalSection(ProjectConfigurationPlatforms) = postSolution
		{3FF937C8-B74C-49D9-B18B-B7CC145C4BFB}.Debug|Any CPU.ActiveCfg = Debug|Any CPU
		{3FF937C8-B74C-49D9-B18B-B7CC145C4BFB}.Debug|Any CPU.Build.0 = Debug|Any CPU
		{3FF937C8-B74C-49D9-B18B-B7CC145C4BFB}.Release|Any CPU.ActiveCfg = Release|Any CPU
		{3FF937C8-B74C-49D9-B18B-B7CC145C4BFB}.Release|Any CPU.Build.0 = Release|Any CPU
		{D8B4EE9F-CFC8-4124-85F7-EFE687D2F407}.Debug|Any CPU.ActiveCfg = Debug|Any CPU
		{D8B4EE9F-CFC8-4124-85F7-EFE687D2F407}.Debug|Any CPU.Build.0 = Debug|Any CPU
		{D8B4EE9F-CFC8-4124-85F7-EFE687D2F407}.Release|Any CPU.ActiveCfg = Release|Any CPU
		{D8B4EE9F-CFC8-4124-85F7-EFE687D2F407}.Release|Any CPU.Build.0 = Release|Any CPU
		{D10C9CF4-E4A7-4C2D-AD26-F6B4144AFA7F}.Debug|Any CPU.ActiveCfg = Debug|Any CPU
		{D10C9CF4-E4A7-4C2D-AD26-F6B4144AFA7F}.Debug|Any CPU.Build.0 = Debug|Any CPU
		{D10C9CF4-E4A7-4C2D-AD26-F6B4144AFA7F}.Release|Any CPU.ActiveCfg = Release|Any CPU
		{D10C9CF4-E4A7-4C2D-AD26-F6B4144AFA7F}.Release|Any CPU.Build.0 = Release|Any CPU
	EndGlobalSection
EndGlobal
